
Microsoft Visual Studio Solution File, Format Version 12.00
# Visual Studio 15
Project("{FAE04EC0-301F-11D3-BF4B-00C04F79EFBC}") = "Assembly-CSharp", "Assembly-CSharp.csproj", "{F381D44C-48DC-369A-8792-C5D7A10CB7A0}"
EndProject
Global
	GlobalSection(SolutionConfigurationPlatforms) = preSolution
		Debug|Any CPU = Debug|Any CPU
		Release|Any CPU = Release|Any CPU
	EndGlobalSection
	GlobalSection(ProjectConfigurationPlatforms) = postSolution
		{F381D44C-48DC-369A-8792-C5D7A10CB7A0}.Debug|Any CPU.ActiveCfg = Debug|Any CPU
		{F381D44C-48DC-369A-8792-C5D7A10CB7A0}.Debug|Any CPU.Build.0 = Debug|Any CPU
		{F381D44C-48DC-369A-8792-C5D7A10CB7A0}.Release|Any CPU.ActiveCfg = Release|Any CPU
		{F381D44C-48DC-369A-8792-C5D7A10CB7A0}.Release|Any CPU.Build.0 = Release|Any CPU
	EndGlobalSection
	GlobalSection(SolutionProperties) = preSolution
		HideSolutionNode = FALSE
	EndGlobalSection
EndGlobal
